name: Regenerate uv lockfile

on:
  push:
    branches:
      - chore/python-hygiene

permissions:
  contents: write

jobs:
  lock:
    runs-on: ubuntu-latest
    steps:
      - name: Checkout
        uses: actions/checkout@df4cb1c069e1874edd31b4311f1884172cec0e10 # v6.0.3
      - name: Install uv
        uses: astral-sh/setup-uv@c771a70e6277c0a99b617c7a806ffedaca235ff9 # v9.0.0
        with:
          version: "0.12.17"
      - name: Regenerate lockfile
        run: uv lock
      - name: Commit lockfile
        run: |
          if git diff --quiet -- uv.lock; then
            exit 0
          fi
          git config user.name "github-actions[bot]"
          git config user.email "41898282+github-actions[bot]@users.noreply.github.com"
          git add uv.lock
          git commit -m "chore: regenerate uv lockfile"
          git push
